
Microsoft Visual Studio Solution File, Format Version 12.00
# Visual Studio Version 17
VisualStudioVersion = 17.0.31903.59
MinimumVisualStudioVersion = 10.0.40219.1
Project("{F2A71F9B-5D33-465A-A702-920D77279786}") = "CalculateWorkflow", "CalculateWorkflow\CalculateWorkflow.fsproj", "{5D1E7104-51ED-460A-A395-9BC4AB2E9223}"
EndProject
Project("{F2A71F9B-5D33-465A-A702-920D77279786}") = "CalculateWorkflow.Tests", "CalculateWorkflow.Tests\CalculateWorkflow.Tests.fsproj", "{C56D1F39-27E5-4E44-AC6B-B0A99CC6B9AD}"
EndProject
Global
	GlobalSection(SolutionConfigurationPlatforms) = preSolution
		Debug|Any CPU = Debug|Any CPU
		Debug|x64 = Debug|x64
		Debug|x86 = Debug|x86
		Release|Any CPU = Release|Any CPU
		Release|x64 = Release|x64
		Release|x86 = Release|x86
	EndGlobalSection
	GlobalSection(ProjectConfigurationPlatforms) = postSolution
		{5D1E7104-51ED-460A-A395-9BC4AB2E9223}.Debug|Any CPU.ActiveCfg = Debug|Any CPU
		{5D1E7104-51ED-460A-A395-9BC4AB2E9223}.Debug|Any CPU.Build.0 = Debug|Any CPU
		{5D1E7104-51ED-460A-A395-9BC4AB2E9223}.Debug|x64.ActiveCfg = Debug|Any CPU
		{5D1E7104-51ED-460A-A395-9BC4AB2E9223}.Debug|x64.Build.0 = Debug|Any CPU
		{5D1E7104-51ED-460A-A395-9BC4AB2E9223}.Debug|x86.ActiveCfg = Debug|Any CPU
		{5D1E7104-51ED-460A-A395-9BC4AB2E9223}.Debug|x86.Build.0 = Debug|Any CPU
		{5D1E7104-51ED-460A-A395-9BC4AB2E9223}.Release|Any CPU.ActiveCfg = Release|Any CPU
		{5D1E7104-51ED-460A-A395-9BC4AB2E9223}.Release|Any CPU.Build.0 = Release|Any CPU
		{5D1E7104-51ED-460A-A395-9BC4AB2E9223}.Release|x64.ActiveCfg = Release|Any CPU
		{5D1E7104-51ED-460A-A395-9BC4AB2E9223}.Release|x64.Build.0 = Release|Any CPU
		{5D1E7104-51ED-460A-A395-9BC4AB2E9223}.Release|x86.ActiveCfg = Release|Any CPU
		{5D1E7104-51ED-460A-A395-9BC4AB2E9223}.Release|x86.Build.0 = Release|Any CPU
		{C56D1F39-27E5-4E44-AC6B-B0A99CC6B9AD}.Debug|Any CPU.ActiveCfg = Debug|Any CPU
		{C56D1F39-27E5-4E44-AC6B-B0A99CC6B9AD}.Debug|Any CPU.Build.0 = Debug|Any CPU
		{C56D1F39-27E5-4E44-AC6B-B0A99CC6B9AD}.Debug|x64.ActiveCfg = Debug|Any CPU
		{C56D1F39-27E5-4E44-AC6B-B0A99CC6B9AD}.Debug|x64.Build.0 = Debug|Any CPU
		{C56D1F39-27E5-4E44-AC6B-B0A99CC6B9AD}.Debug|x86.ActiveCfg = Debug|Any CPU
		{C56D1F39-27E5-4E44-AC6B-B0A99CC6B9AD}.Debug|x86.Build.0 = Debug|Any CPU
		{C56D1F39-27E5-4E44-AC6B-B0A99CC6B9AD}.Release|Any CPU.ActiveCfg = Release|Any CPU
		{C56D1F39-27E5-4E44-AC6B-B0A99CC6B9AD}.Release|Any CPU.Build.0 = Release|Any CPU
		{C56D1F39-27E5-4E44-AC6B-B0A99CC6B9AD}.Release|x64.ActiveCfg = Release|Any CPU
		{C56D1F39-27E5-4E44-AC6B-B0A99CC6B9AD}.Release|x64.Build.0 = Release|Any CPU
		{C56D1F39-27E5-4E44-AC6B-B0A99CC6B9AD}.Release|x86.ActiveCfg = Release|Any CPU
		{C56D1F39-27E5-4E44-AC6B-B0A99CC6B9AD}.Release|x86.Build.0 = Release|Any CPU
	EndGlobalSection
	GlobalSection(SolutionProperties) = preSolution
		HideSolutionNode = FALSE
	EndGlobalSection
EndGlobal
