
Microsoft Visual Studio Solution File, Format Version 12.00
# Visual Studio Version 17
VisualStudioVersion = 17.0.31903.59
MinimumVisualStudioVersion = 10.0.40219.1
Project("{F2A71F9B-5D33-465A-A702-920D77279786}") = "ExpressionTree.Tests", "ExpressionTree.Tests\ExpressionTree.Tests.fsproj", "{6ED92910-4488-49C9-856B-57DF764EC8B2}"
EndProject
Project("{F2A71F9B-5D33-465A-A702-920D77279786}") = "ExpressionTree", "ExpressionTree\ExpressionTree.fsproj", "{1E8F02F1-F935-4847-A66A-934BF4546560}"
EndProject
Global
	GlobalSection(SolutionConfigurationPlatforms) = preSolution
		Debug|Any CPU = Debug|Any CPU
		Debug|x64 = Debug|x64
		Debug|x86 = Debug|x86
		Release|Any CPU = Release|Any CPU
		Release|x64 = Release|x64
		Release|x86 = Release|x86
	EndGlobalSection
	GlobalSection(ProjectConfigurationPlatforms) = postSolution
		{6ED92910-4488-49C9-856B-57DF764EC8B2}.Debug|Any CPU.ActiveCfg = Debug|Any CPU
		{6ED92910-4488-49C9-856B-57DF764EC8B2}.Debug|Any CPU.Build.0 = Debug|Any CPU
		{6ED92910-4488-49C9-856B-57DF764EC8B2}.Debug|x64.ActiveCfg = Debug|Any CPU
		{6ED92910-4488-49C9-856B-57DF764EC8B2}.Debug|x64.Build.0 = Debug|Any CPU
		{6ED92910-4488-49C9-856B-57DF764EC8B2}.Debug|x86.ActiveCfg = Debug|Any CPU
		{6ED92910-4488-49C9-856B-57DF764EC8B2}.Debug|x86.Build.0 = Debug|Any CPU
		{6ED92910-4488-49C9-856B-57DF764EC8B2}.Release|Any CPU.ActiveCfg = Release|Any CPU
		{6ED92910-4488-49C9-856B-57DF764EC8B2}.Release|Any CPU.Build.0 = Release|Any CPU
		{6ED92910-4488-49C9-856B-57DF764EC8B2}.Release|x64.ActiveCfg = Release|Any CPU
		{6ED92910-4488-49C9-856B-57DF764EC8B2}.Release|x64.Build.0 = Release|Any CPU
		{6ED92910-4488-49C9-856B-57DF764EC8B2}.Release|x86.ActiveCfg = Release|Any CPU
		{6ED92910-4488-49C9-856B-57DF764EC8B2}.Release|x86.Build.0 = Release|Any CPU
		{1E8F02F1-F935-4847-A66A-934BF4546560}.Debug|Any CPU.ActiveCfg = Debug|Any CPU
		{1E8F02F1-F935-4847-A66A-934BF4546560}.Debug|Any CPU.Build.0 = Debug|Any CPU
		{1E8F02F1-F935-4847-A66A-934BF4546560}.Debug|x64.ActiveCfg = Debug|Any CPU
		{1E8F02F1-F935-4847-A66A-934BF4546560}.Debug|x64.Build.0 = Debug|Any CPU
		{1E8F02F1-F935-4847-A66A-934BF4546560}.Debug|x86.ActiveCfg = Debug|Any CPU
		{1E8F02F1-F935-4847-A66A-934BF4546560}.Debug|x86.Build.0 = Debug|Any CPU
		{1E8F02F1-F935-4847-A66A-934BF4546560}.Release|Any CPU.ActiveCfg = Release|Any CPU
		{1E8F02F1-F935-4847-A66A-934BF4546560}.Release|Any CPU.Build.0 = Release|Any CPU
		{1E8F02F1-F935-4847-A66A-934BF4546560}.Release|x64.ActiveCfg = Release|Any CPU
		{1E8F02F1-F935-4847-A66A-934BF4546560}.Release|x64.Build.0 = Release|Any CPU
		{1E8F02F1-F935-4847-A66A-934BF4546560}.Release|x86.ActiveCfg = Release|Any CPU
		{1E8F02F1-F935-4847-A66A-934BF4546560}.Release|x86.Build.0 = Release|Any CPU
	EndGlobalSection
	GlobalSection(SolutionProperties) = preSolution
		HideSolutionNode = FALSE
	EndGlobalSection
EndGlobal
