Microsoft Visual Studio Solution File, Format Version 12.00
# Visual Studio Version 17
VisualStudioVersion = 17.0.31903.59
MinimumVisualStudioVersion = 10.0.40219.1
Project("{F2A71F9B-5D33-465A-A702-920D77279786}") = "Lazy", "Lazy\Lazy.fsproj", "{D2114FE8-E106-45E6-8F6B-58240C028859}"
EndProject
Project("{F2A71F9B-5D33-465A-A702-920D77279786}") = "LazyTests", "LazyTests\LazyTests.fsproj", "{0EF86451-E172-4DFF-8439-4E03F068E88D}"
EndProject
Global
	GlobalSection(SolutionConfigurationPlatforms) = preSolution
		Debug|Any CPU = Debug|Any CPU
		Debug|x64 = Debug|x64
		Debug|x86 = Debug|x86
		Release|Any CPU = Release|Any CPU
		Release|x64 = Release|x64
		Release|x86 = Release|x86
	EndGlobalSection
	GlobalSection(ProjectConfigurationPlatforms) = postSolution
		{D2114FE8-E106-45E6-8F6B-58240C028859}.Debug|Any CPU.ActiveCfg = Debug|Any CPU
		{D2114FE8-E106-45E6-8F6B-58240C028859}.Debug|Any CPU.Build.0 = Debug|Any CPU
		{D2114FE8-E106-45E6-8F6B-58240C028859}.Debug|x64.ActiveCfg = Debug|Any CPU
		{D2114FE8-E106-45E6-8F6B-58240C028859}.Debug|x64.Build.0 = Debug|Any CPU
		{D2114FE8-E106-45E6-8F6B-58240C028859}.Debug|x86.ActiveCfg = Debug|Any CPU
		{D2114FE8-E106-45E6-8F6B-58240C028859}.Debug|x86.Build.0 = Debug|Any CPU
		{D2114FE8-E106-45E6-8F6B-58240C028859}.Release|Any CPU.ActiveCfg = Release|Any CPU
		{D2114FE8-E106-45E6-8F6B-58240C028859}.Release|Any CPU.Build.0 = Release|Any CPU
		{D2114FE8-E106-45E6-8F6B-58240C028859}.Release|x64.ActiveCfg = Release|Any CPU
		{D2114FE8-E106-45E6-8F6B-58240C028859}.Release|x64.Build.0 = Release|Any CPU
		{D2114FE8-E106-45E6-8F6B-58240C028859}.Release|x86.ActiveCfg = Release|Any CPU
		{D2114FE8-E106-45E6-8F6B-58240C028859}.Release|x86.Build.0 = Release|Any CPU
		{0EF86451-E172-4DFF-8439-4E03F068E88D}.Debug|Any CPU.ActiveCfg = Debug|Any CPU
		{0EF86451-E172-4DFF-8439-4E03F068E88D}.Debug|Any CPU.Build.0 = Debug|Any CPU
		{0EF86451-E172-4DFF-8439-4E03F068E88D}.Debug|x64.ActiveCfg = Debug|Any CPU
		{0EF86451-E172-4DFF-8439-4E03F068E88D}.Debug|x64.Build.0 = Debug|Any CPU
		{0EF86451-E172-4DFF-8439-4E03F068E88D}.Debug|x86.ActiveCfg = Debug|Any CPU
		{0EF86451-E172-4DFF-8439-4E03F068E88D}.Debug|x86.Build.0 = Debug|Any CPU
		{0EF86451-E172-4DFF-8439-4E03F068E88D}.Release|Any CPU.ActiveCfg = Release|Any CPU
		{0EF86451-E172-4DFF-8439-4E03F068E88D}.Release|Any CPU.Build.0 = Release|Any CPU
		{0EF86451-E172-4DFF-8439-4E03F068E88D}.Release|x64.ActiveCfg = Release|Any CPU
		{0EF86451-E172-4DFF-8439-4E03F068E88D}.Release|x64.Build.0 = Release|Any CPU
		{0EF86451-E172-4DFF-8439-4E03F068E88D}.Release|x86.ActiveCfg = Release|Any CPU
		{0EF86451-E172-4DFF-8439-4E03F068E88D}.Release|x86.Build.0 = Release|Any CPU
	EndGlobalSection
	GlobalSection(SolutionProperties) = preSolution
		HideSolutionNode = FALSE
	EndGlobalSection
EndGlobal
